<?xml version="1.0" encoding="utf-8"?>
<Project ToolsVersion="4.0" xmlns="http://schemas.microsoft.com/developer/msbuild/2003">
  <ItemGroup>
    <Filter Include="Source Files">
      <UniqueIdentifier>{4FC737F1-C7A5-4376-A066-2A32D752A2FF}</UniqueIdentifier>
      <Extensions>cpp;c;cc;cxx;c++;cppm;ixx;def;odl;idl;hpj;bat;asm;asmx</Extensions>
    </Filter>
    <Filter Include="Header Files">
      <UniqueIdentifier>{93995380-89BD-4b04-88EB-625FBE52EBFB}</UniqueIdentifier>
      <Extensions>h;hh;hpp;hxx;h++;hm;inl;inc;ipp;xsd</Extensions>
    </Filter>
    <Filter Include="Resource Files">
      <UniqueIdentifier>{67DA6AB6-F800-4c08-8B7A-83BB121AAD01}</UniqueIdentifier>
      <Extensions>rc;ico;cur;bmp;dlg;rc2;rct;bin;rgs;gif;jpg;jpeg;jpe;resx;tiff;tif;png;wav;mfcribbon-ms</Extensions>
    </Filter>
    <Filter Include="proc">
      <UniqueIdentifier>{f320978c-f69b-45c8-bb77-004d4a34cea2}</UniqueIdentifier>
    </Filter>
    <Filter Include="mem">
      <UniqueIdentifier>{c223fb11-9aad-42e0-8a7c-ae479a669e35}</UniqueIdentifier>
    </Filter>
    <Filter Include="HELPERS">
      <UniqueIdentifier>{5b46ec99-2b9e-4c12-8428-5977160175b2}</UniqueIdentifier>
    </Filter>
    <Filter Include="OFFSETS">
      <UniqueIdentifier>{bfa90a60-9253-4860-b198-da3da07b32ca}</UniqueIdentifier>
    </Filter>
    <Filter Include="COD_SERIES">
      <UniqueIdentifier>{e2ce5ffc-7afb-4325-a8a6-561d0c6c7ae1}</UniqueIdentifier>
    </Filter>
  </ItemGroup>
  <ItemGroup>
    <ClCompile Include="Main.cpp">
      <Filter>Source Files</Filter>
    </ClCompile>
    <ClCompile Include="proc.cpp">
      <Filter>proc</Filter>
    </ClCompile>
    <ClCompile Include="menu.cpp">
      <Filter>HELPERS</Filter>
    </ClCompile>
    <ClCompile Include="mem.cpp">
      <Filter>mem</Filter>
    </ClCompile>
    <ClCompile Include="offsets_socom.cpp">
      <Filter>OFFSETS</Filter>
    </ClCompile>
    <ClCompile Include="waw.cpp">
      <Filter>COD_SERIES</Filter>
    </ClCompile>
    <ClCompile Include="game_functions.cpp">
      <Filter>OFFSETS</Filter>
    </ClCompile>
  </ItemGroup>
  <ItemGroup>
    <ClInclude Include="proc.h">
      <Filter>proc</Filter>
    </ClInclude>
    <ClInclude Include="stdafx.h">
      <Filter>Header Files</Filter>
    </ClInclude>
    <ClInclude Include="menu.h">
      <Filter>HELPERS</Filter>
    </ClInclude>
    <ClInclude Include="mem.h">
      <Filter>mem</Filter>
    </ClInclude>
    <ClInclude Include="offsets_socom.h">
      <Filter>OFFSETS</Filter>
    </ClInclude>
    <ClInclude Include="waw.h">
      <Filter>COD_SERIES</Filter>
    </ClInclude>
    <ClInclude Include="game_functions.h">
      <Filter>OFFSETS</Filter>
    </ClInclude>
  </ItemGroup>
</Project>